<?xml version="1.0" encoding="utf-8"?>
<Project ToolsVersion="15.0" xmlns="http://schemas.microsoft.com/developer/msbuild/2003">
  <ItemGroup>
    <Filter Include="Common">
      <UniqueIdentifier>9be0085b-d9cd-4299-8a08-14ee9e8ee930</UniqueIdentifier>
    </Filter>
    <Filter Include="Assets">
      <UniqueIdentifier>c12979f2-c814-480a-a53d-ad10b4f2fcfc</UniqueIdentifier>
      <Extensions>bmp;fbx;gif;jpg;jpeg;tga;tiff;tif;png</Extensions>
    </Filter>
    <Filter Include="Data">
      <UniqueIdentifier>{d07b9233-c181-4ddc-9dfb-3884705b3193}</UniqueIdentifier>
    </Filter>
  </ItemGroup>
  <ItemGroup>
    <ApplicationDefinition Include="App.xaml" />
  </ItemGroup>
  <ItemGroup>
    <ClCompile Include="pch.cpp" />
    <ClCompile Include="Data\UserDataHelper.cpp">
      <Filter>Data</Filter>
    </ClCompile>
  </ItemGroup>
  <ItemGroup>
    <ClInclude Include="pch.h" />
    <ClInclude Include="Data\UserDataHelper.h">
      <Filter>Data</Filter>
    </ClInclude>
  </ItemGroup>
  <ItemGroup>
    <Image Include="Assets\LockScreenLogo.scale-200.png">
      <Filter>Assets</Filter>
    </Image>
    <Image Include="Assets\SplashScreen.scale-200.png">
      <Filter>Assets</Filter>
    </Image>
    <Image Include="Assets\Wide310x150Logo.scale-200.png">
      <Filter>Assets</Filter>
    </Image>
    <Image Include="..\..\..\Users\alten\Downloads\fuji_mountain.jpg">
      <Filter>Assets</Filter>
    </Image>
    <Image Include="..\..\..\Users\alten\Downloads\fuji_mountain_2.jpg">
      <Filter>Assets</Filter>
    </Image>
    <Image Include="..\..\ShowPlan1\ShowPlan1\ShowPlan1\Assets\header.jpg">
      <Filter>Assets</Filter>
    </Image>
    <Image Include="..\..\ShowPlan1\ShowPlan1\ShowPlan1\Assets\Square44x44Logo.scale-200.png">
      <Filter>Assets</Filter>
    </Image>
    <Image Include="..\..\ShowPlan1\ShowPlan1\ShowPlan1\Assets\Square44x44Logo.targetsize-24_altform-unplated.png">
      <Filter>Assets</Filter>
    </Image>
    <Image Include="..\..\ShowPlan1\ShowPlan1\ShowPlan1\Assets\Square150x150Logo.scale-200.png">
      <Filter>Assets</Filter>
    </Image>
    <Image Include="..\..\ShowPlan1\ShowPlan1\ShowPlan1\Assets\StoreLogo.png">
      <Filter>Assets</Filter>
    </Image>
    <Image Include="..\..\ShowPlan1\ShowPlan1\ShowPlan1\Assets\test.png">
      <Filter>Assets</Filter>
    </Image>
    <Image Include="..\..\ShowPlan1\ShowPlan1\ShowPlan1\Assets\hokkaidou\hana.jpg">
      <Filter>Assets</Filter>
    </Image>
    <Image Include="..\..\ShowPlan1\ShowPlan1\ShowPlan1\Assets\hokkaidou\ra-menn.jpg">
      <Filter>Assets</Filter>
    </Image>
    <Image Include="..\..\ShowPlan1\ShowPlan1\ShowPlan1\Assets\hokkaidou\suki-.jpg">
      <Filter>Assets</Filter>
    </Image>
    <Image Include="..\..\ShowPlan1\ShowPlan1\ShowPlan1\Assets\hokkaidou\susi.jpg">
      <Filter>Assets</Filter>
    </Image>
    <Image Include="..\..\ShowPlan1\ShowPlan1\ShowPlan1\Assets\hokkaidou\tokeidai.jpg">
      <Filter>Assets</Filter>
    </Image>
    <Image Include="..\..\ShowPlan1\ShowPlan1\ShowPlan1\Assets\hokkaidou\unnga.jpg">
      <Filter>Assets</Filter>
    </Image>
    <Image Include="..\..\ShowPlan1\ShowPlan1\ShowPlan1\Assets\hokkaidou\usi.jpg">
      <Filter>Assets</Filter>
    </Image>
    <Image Include="..\..\ShowPlan1\ShowPlan1\ShowPlan1\Assets\hokkaidou\zingisukann.jpg">
      <Filter>Assets</Filter>
    </Image>
    <Image Include="..\..\ShowPlan1\ShowPlan1\ShowPlan1\Assets\kyouto\fushimiinari.gif">
      <Filter>Assets</Filter>
    </Image>
    <Image Include="..\..\ShowPlan1\ShowPlan1\ShowPlan1\Assets\kyouto\kimono.jpg">
      <Filter>Assets</Filter>
    </Image>
    <Image Include="..\..\ShowPlan1\ShowPlan1\ShowPlan1\Assets\kyouto\kinkakuji.gif">
      <Filter>Assets</Filter>
    </Image>
    <Image Include="..\..\ShowPlan1\ShowPlan1\ShowPlan1\Assets\kyouto\mattay.jpg">
      <Filter>Assets</Filter>
    </Image>
    <Image Include="..\..\ShowPlan1\ShowPlan1\ShowPlan1\Assets\kyouto\tyadou.jpg">
      <Filter>Assets</Filter>
    </Image>
    <Image Include="..\..\ShowPlan1\ShowPlan1\ShowPlan1\Assets\kyouto\yatsuhashi.png">
      <Filter>Assets</Filter>
    </Image>
    <Image Include="..\..\ShowPlan1\ShowPlan1\ShowPlan1\Assets\kyouto\yudouhu.jpg">
      <Filter>Assets</Filter>
    </Image>
    <Image Include="..\..\ShowPlan1\ShowPlan1\ShowPlan1\Assets\okinawa\go-yatyanpuru.jpg">
      <Filter>Assets</Filter>
    </Image>
    <Image Include="..\..\ShowPlan1\ShowPlan1\ShowPlan1\Assets\okinawa\kouritou.jpg">
      <Filter>Assets</Filter>
    </Image>
    <Image Include="..\..\ShowPlan1\ShowPlan1\ShowPlan1\Assets\okinawa\so-kisoba.jpg">
      <Filter>Assets</Filter>
    </Image>
    <Image Include="..\..\ShowPlan1\ShowPlan1\ShowPlan1\Assets\okinawa\suizokukann.jpg">
      <Filter>Assets</Filter>
    </Image>
    <Image Include="..\..\ShowPlan1\ShowPlan1\ShowPlan1\Assets\okinawa\syamisenn.jpg">
      <Filter>Assets</Filter>
    </Image>
    <Image Include="..\..\ShowPlan1\ShowPlan1\ShowPlan1\Assets\okinawa\syuno-keringu.jpg">
      <Filter>Assets</Filter>
    </Image>
    <Image Include="..\..\ShowPlan1\ShowPlan1\ShowPlan1\Assets\okinawa\syurizyou.jpg">
      <Filter>Assets</Filter>
    </Image>
    <Image Include="..\..\ShowPlan1\ShowPlan1\ShowPlan1\Assets\okinawa\takoraisu.jpg">
      <Filter>Assets</Filter>
    </Image>
    <Image Include="..\..\ShowPlan1\ShowPlan1\ShowPlan1\Assets\kyouto\kiyomizudera.jpg">
      <Filter>Assets</Filter>
    </Image>
    <Image Include="Assets\hokkaidou\hana.jpg">
      <Filter>Assets</Filter>
    </Image>
    <Image Include="Assets\hokkaidou\ra-menn.jpg">
      <Filter>Assets</Filter>
    </Image>
    <Image Include="Assets\hokkaidou\suki-.jpg">
      <Filter>Assets</Filter>
    </Image>
    <Image Include="Assets\hokkaidou\susi.jpg">
      <Filter>Assets</Filter>
    </Image>
    <Image Include="Assets\hokkaidou\tokeidai.jpg">
      <Filter>Assets</Filter>
    </Image>
    <Image Include="Assets\hokkaidou\unnga.jpg">
      <Filter>Assets</Filter>
    </Image>
    <Image Include="Assets\hokkaidou\usi.jpg">
      <Filter>Assets</Filter>
    </Image>
    <Image Include="Assets\hokkaidou\zingisukann.jpg">
      <Filter>Assets</Filter>
    </Image>
    <Image Include="Assets\kyouto\fushimiinari.gif">
      <Filter>Assets</Filter>
    </Image>
    <Image Include="Assets\kyouto\kimono.jpg">
      <Filter>Assets</Filter>
    </Image>
    <Image Include="Assets\kyouto\kinkakuji.gif">
      <Filter>Assets</Filter>
    </Image>
    <Image Include="Assets\kyouto\kiyomizudera.jpg">
      <Filter>Assets</Filter>
    </Image>
    <Image Include="Assets\kyouto\mattay.jpg">
      <Filter>Assets</Filter>
    </Image>
    <Image Include="Assets\kyouto\tyadou.jpg">
      <Filter>Assets</Filter>
    </Image>
    <Image Include="Assets\kyouto\yatsuhashi.png">
      <Filter>Assets</Filter>
    </Image>
    <Image Include="Assets\kyouto\yudouhu.jpg">
      <Filter>Assets</Filter>
    </Image>
    <Image Include="Assets\okinawa\go-yatyanpuru.jpg">
      <Filter>Assets</Filter>
    </Image>
    <Image Include="Assets\okinawa\kouritou.jpg">
      <Filter>Assets</Filter>
    </Image>
    <Image Include="Assets\okinawa\so-kisoba.jpg">
      <Filter>Assets</Filter>
    </Image>
    <Image Include="Assets\okinawa\suizokukann.jpg">
      <Filter>Assets</Filter>
    </Image>
    <Image Include="Assets\okinawa\syamisenn.jpg">
      <Filter>Assets</Filter>
    </Image>
    <Image Include="Assets\okinawa\syuno-keringu.jpg">
      <Filter>Assets</Filter>
    </Image>
    <Image Include="Assets\okinawa\syurizyou.jpg">
      <Filter>Assets</Filter>
    </Image>
    <Image Include="Assets\okinawa\takoraisu.jpg">
      <Filter>Assets</Filter>
    </Image>
  </ItemGroup>
  <ItemGroup>
    <AppxManifest Include="Package.appxmanifest" />
  </ItemGroup>
  <ItemGroup>
    <Page Include="MainPage.xaml" />
    <Page Include="LoginPage.xaml" />
    <Page Include="RegisterPage.xaml" />
    <Page Include="HomePage.xaml" />
    <Page Include="PlanDetailPage.xaml" />
  </ItemGroup>
  <ItemGroup>
    <None Include="Data\users.csv">
      <Filter>Data</Filter>
    </None>
    <None Include=".gitignore" />
  </ItemGroup>
</Project>